
Microsoft Visual Studio Solution File, Format Version 12.00
# Visual Studio Version 16
VisualStudioVersion = 25.0.1706.11
MinimumVisualStudioVersion = 10.0.40219.1
Project("{FAE04EC0-301F-11D3-BF4B-00C04F79EFBC}") = "PointsAverage", "PointsAverage.csproj", "{13E63B0D-29DF-4DAE-9892-C4142604A80A}"
EndProject
Global
	GlobalSection(SolutionConfigurationPlatforms) = preSolution
		Debug|Any CPU = Debug|Any CPU
		Release|Any CPU = Release|Any CPU
	EndGlobalSection
	GlobalSection(ProjectConfigurationPlatforms) = postSolution
		{13E63B0D-29DF-4DAE-9892-C4142604A80A}.Debug|Any CPU.ActiveCfg = Debug|Any CPU
		{13E63B0D-29DF-4DAE-9892-C4142604A80A}.Debug|Any CPU.Build.0 = Debug|Any CPU
		{13E63B0D-29DF-4DAE-9892-C4142604A80A}.Release|Any CPU.ActiveCfg = Release|Any CPU
		{13E63B0D-29DF-4DAE-9892-C4142604A80A}.Release|Any CPU.Build.0 = Release|Any CPU
	EndGlobalSection
	GlobalSection(SolutionProperties) = preSolution
		HideSolutionNode = FALSE
	EndGlobalSection
	GlobalSection(ExtensibilityGlobals) = postSolution
		SolutionGuid = {46C0F8D7-7F3A-4DD5-9685-76522EAB8CC4}
	EndGlobalSection
EndGlobal
